
Microsoft Visual Studio Solution File, Format Version 12.00
# Visual Studio Version 16
VisualStudioVersion = 16.0.31911.196
MinimumVisualStudioVersion = 10.0.40219.1
Project("{FAE04EC0-301F-11D3-BF4B-00C04F79EFBC}") = "Barcode_Scanner", "Barcode_Scanner\Barcode_Scanner.csproj", "{08353C97-4C9D-4A60-AE85-30866EFD6904}"
EndProject
Global
	GlobalSection(SolutionConfigurationPlatforms) = preSolution
		Debug|Any CPU = Debug|Any CPU
		Release|Any CPU = Release|Any CPU
	EndGlobalSection
	GlobalSection(ProjectConfigurationPlatforms) = postSolution
		{08353C97-4C9D-4A60-AE85-30866EFD6904}.Debug|Any CPU.ActiveCfg = Debug|Any CPU
		{08353C97-4C9D-4A60-AE85-30866EFD6904}.Debug|Any CPU.Build.0 = Debug|Any CPU
		{08353C97-4C9D-4A60-AE85-30866EFD6904}.Release|Any CPU.ActiveCfg = Release|Any CPU
		{08353C97-4C9D-4A60-AE85-30866EFD6904}.Release|Any CPU.Build.0 = Release|Any CPU
	EndGlobalSection
	GlobalSection(SolutionProperties) = preSolution
		HideSolutionNode = FALSE
	EndGlobalSection
	GlobalSection(ExtensibilityGlobals) = postSolution
		SolutionGuid = {477BFDC2-5E89-4171-8506-2FFE7DBBA14F}
	EndGlobalSection
EndGlobal
